
Microsoft Visual Studio Solution File, Format Version 12.00
# Visual Studio Version 17
VisualStudioVersion = 17.3.32929.385
MinimumVisualStudioVersion = 10.0.40219.1
Project("{8BC9CEB8-8B4A-11D0-8D11-00A0C91BC942}") = "BOJ_23802", "BOJ_23802.vcxproj", "{02930495-05DE-40AF-A812-F852CA99A9AC}"
EndProject
Global
	GlobalSection(SolutionConfigurationPlatforms) = preSolution
		Debug|x64 = Debug|x64
		Release|x64 = Release|x64
	EndGlobalSection
	GlobalSection(ProjectConfigurationPlatforms) = postSolution
		{02930495-05DE-40AF-A812-F852CA99A9AC}.Debug|x64.ActiveCfg = Debug|x64
		{02930495-05DE-40AF-A812-F852CA99A9AC}.Debug|x64.Build.0 = Debug|x64
		{02930495-05DE-40AF-A812-F852CA99A9AC}.Release|x64.ActiveCfg = Release|x64
		{02930495-05DE-40AF-A812-F852CA99A9AC}.Release|x64.Build.0 = Release|x64
	EndGlobalSection
	GlobalSection(SolutionProperties) = preSolution
		HideSolutionNode = FALSE
	EndGlobalSection
	GlobalSection(ExtensibilityGlobals) = postSolution
		SolutionGuid = {ED5D4495-C68B-4985-AEAA-DBB6DBBDA6CB}
	EndGlobalSection
EndGlobal
